
Microsoft Visual Studio Solution File, Format Version 12.00
# Visual Studio 15
VisualStudioVersion = 15.0.28010.2036
MinimumVisualStudioVersion = 10.0.40219.1
Project("{9A19103F-16F7-4668-BE54-9A1E7A4F7556}") = "IDGenerator.Core", "IDGenerator.Core\IDGenerator.Core.csproj", "{DB12957F-1920-4837-9DA4-4BEEBC93FD6B}"
EndProject
Global
	GlobalSection(Performance) = preSolution
		HasPerformanceSessions = true
	EndGlobalSection
	GlobalSection(SolutionConfigurationPlatforms) = preSolution
		Debug|Any CPU = Debug|Any CPU
		Release|Any CPU = Release|Any CPU
	EndGlobalSection
	GlobalSection(ProjectConfigurationPlatforms) = postSolution
		{DB12957F-1920-4837-9DA4-4BEEBC93FD6B}.Debug|Any CPU.ActiveCfg = Debug|Any CPU
		{DB12957F-1920-4837-9DA4-4BEEBC93FD6B}.Debug|Any CPU.Build.0 = Debug|Any CPU
		{DB12957F-1920-4837-9DA4-4BEEBC93FD6B}.Release|Any CPU.ActiveCfg = Release|Any CPU
		{DB12957F-1920-4837-9DA4-4BEEBC93FD6B}.Release|Any CPU.Build.0 = Release|Any CPU
	EndGlobalSection
	GlobalSection(SolutionProperties) = preSolution
		HideSolutionNode = FALSE
	EndGlobalSection
	GlobalSection(ExtensibilityGlobals) = postSolution
		SolutionGuid = {969BF91D-48CD-4558-908E-0674B0EA298A}
	EndGlobalSection
EndGlobal
